
Microsoft Visual Studio Solution File, Format Version 12.00
# Visual Studio 15
VisualStudioVersion = 15.0.28010.2019
MinimumVisualStudioVersion = 10.0.40219.1
Project("{FAE04EC0-301F-11D3-BF4B-00C04F79EFBC}") = "Top-Down Shooter", "Top-Down Shooter\Top-Down Shooter.csproj", "{577DB84B-F2A1-42A3-A7A7-FEB523952689}"
EndProject
Project("{2150E333-8FDC-42A3-9474-1A3956D46DE8}") = "lib", "lib", "{E4819BBA-CF7B-483D-8747-3A3A7C479D64}"
EndProject
Project("{FAE04EC0-301F-11D3-BF4B-00C04F79EFBC}") = "Lidgren.Network", "lib\lidgren-network-gen3\Lidgren.Network\Lidgren.Network.csproj", "{49BA1C69-6104-41AC-A5D8-B54FA9F696E8}"
EndProject
Project("{9A19103F-16F7-4668-BE54-9A1E7A4F7556}") = "VelcroPhysics.MonoGame", "lib\VelcroPhysics\VelcroPhysics\VelcroPhysics.MonoGame.csproj", "{24E8F803-8F03-450E-A3D1-E5665A84D1AA}"
EndProject
Project("{9A19103F-16F7-4668-BE54-9A1E7A4F7556}") = "VelcroPhysics.MonoGame.DebugView", "lib\VelcroPhysics\DebugViews\MonoGame\VelcroPhysics.MonoGame.DebugView.csproj", "{C3454740-3896-44CC-B9B7-1ACA135C3ACA}"
EndProject
Global
	GlobalSection(SolutionConfigurationPlatforms) = preSolution
		Debug|Any CPU = Debug|Any CPU
		Debug|x86 = Debug|x86
		Release|Any CPU = Release|Any CPU
		Release|x86 = Release|x86
	EndGlobalSection
	GlobalSection(ProjectConfigurationPlatforms) = postSolution
		{577DB84B-F2A1-42A3-A7A7-FEB523952689}.Debug|Any CPU.ActiveCfg = Debug|x86
		{577DB84B-F2A1-42A3-A7A7-FEB523952689}.Debug|x86.ActiveCfg = Debug|x86
		{577DB84B-F2A1-42A3-A7A7-FEB523952689}.Debug|x86.Build.0 = Debug|x86
		{577DB84B-F2A1-42A3-A7A7-FEB523952689}.Release|Any CPU.ActiveCfg = Release|x86
		{577DB84B-F2A1-42A3-A7A7-FEB523952689}.Release|x86.ActiveCfg = Release|x86
		{577DB84B-F2A1-42A3-A7A7-FEB523952689}.Release|x86.Build.0 = Release|x86
		{49BA1C69-6104-41AC-A5D8-B54FA9F696E8}.Debug|Any CPU.ActiveCfg = Debug|Any CPU
		{49BA1C69-6104-41AC-A5D8-B54FA9F696E8}.Debug|Any CPU.Build.0 = Debug|Any CPU
		{49BA1C69-6104-41AC-A5D8-B54FA9F696E8}.Debug|x86.ActiveCfg = Debug|Any CPU
		{49BA1C69-6104-41AC-A5D8-B54FA9F696E8}.Debug|x86.Build.0 = Debug|Any CPU
		{49BA1C69-6104-41AC-A5D8-B54FA9F696E8}.Release|Any CPU.ActiveCfg = Release|Any CPU
		{49BA1C69-6104-41AC-A5D8-B54FA9F696E8}.Release|Any CPU.Build.0 = Release|Any CPU
		{49BA1C69-6104-41AC-A5D8-B54FA9F696E8}.Release|x86.ActiveCfg = Release|Any CPU
		{49BA1C69-6104-41AC-A5D8-B54FA9F696E8}.Release|x86.Build.0 = Release|Any CPU
		{24E8F803-8F03-450E-A3D1-E5665A84D1AA}.Debug|Any CPU.ActiveCfg = Debug|Any CPU
		{24E8F803-8F03-450E-A3D1-E5665A84D1AA}.Debug|Any CPU.Build.0 = Debug|Any CPU
		{24E8F803-8F03-450E-A3D1-E5665A84D1AA}.Debug|x86.ActiveCfg = Debug|Any CPU
		{24E8F803-8F03-450E-A3D1-E5665A84D1AA}.Debug|x86.Build.0 = Debug|Any CPU
		{24E8F803-8F03-450E-A3D1-E5665A84D1AA}.Release|Any CPU.ActiveCfg = Release|Any CPU
		{24E8F803-8F03-450E-A3D1-E5665A84D1AA}.Release|Any CPU.Build.0 = Release|Any CPU
		{24E8F803-8F03-450E-A3D1-E5665A84D1AA}.Release|x86.ActiveCfg = Release|Any CPU
		{24E8F803-8F03-450E-A3D1-E5665A84D1AA}.Release|x86.Build.0 = Release|Any CPU
		{C3454740-3896-44CC-B9B7-1ACA135C3ACA}.Debug|Any CPU.ActiveCfg = Debug|Any CPU
		{C3454740-3896-44CC-B9B7-1ACA135C3ACA}.Debug|Any CPU.Build.0 = Debug|Any CPU
		{C3454740-3896-44CC-B9B7-1ACA135C3ACA}.Debug|x86.ActiveCfg = Debug|Any CPU
		{C3454740-3896-44CC-B9B7-1ACA135C3ACA}.Debug|x86.Build.0 = Debug|Any CPU
		{C3454740-3896-44CC-B9B7-1ACA135C3ACA}.Release|Any CPU.ActiveCfg = Release|Any CPU
		{C3454740-3896-44CC-B9B7-1ACA135C3ACA}.Release|Any CPU.Build.0 = Release|Any CPU
		{C3454740-3896-44CC-B9B7-1ACA135C3ACA}.Release|x86.ActiveCfg = Release|Any CPU
		{C3454740-3896-44CC-B9B7-1ACA135C3ACA}.Release|x86.Build.0 = Release|Any CPU
	EndGlobalSection
	GlobalSection(SolutionProperties) = preSolution
		HideSolutionNode = FALSE
	EndGlobalSection
	GlobalSection(NestedProjects) = preSolution
		{49BA1C69-6104-41AC-A5D8-B54FA9F696E8} = {E4819BBA-CF7B-483D-8747-3A3A7C479D64}
		{24E8F803-8F03-450E-A3D1-E5665A84D1AA} = {E4819BBA-CF7B-483D-8747-3A3A7C479D64}
		{C3454740-3896-44CC-B9B7-1ACA135C3ACA} = {E4819BBA-CF7B-483D-8747-3A3A7C479D64}
	EndGlobalSection
	GlobalSection(ExtensibilityGlobals) = postSolution
		SolutionGuid = {2F98712C-6EF6-4126-A0D4-18632FE1ADC6}
	EndGlobalSection
EndGlobal
